# THIS IS AN AUTOGENERATED FILE. DO NOT EDIT THIS FILE DIRECTLY.
# yarn lockfile v1


cache-manager@^5.2.3:
  version "5.2.3"
  resolved "https://registry.yarnpkg.com/cache-manager/-/cache-manager-5.2.3.tgz#b6a8b4469c57fdfdae1deed7f81ea9e057c7eade"
  integrity sha512-9OErI8fksFkxAMJ8Mco0aiZSdphyd90HcKiOMJQncSlU1yq/9lHHxrT8PDayxrmr9IIIZPOAEfXuGSD7g29uog==
  dependencies:
    lodash.clonedeep "^4.5.0"
    lru-cache "^9.1.2"

lodash.clonedeep@^4.5.0:
  version "4.5.0"
  resolved "https://registry.yarnpkg.com/lodash.clonedeep/-/lodash.clonedeep-4.5.0.tgz#e23f3f9c4f8fbdde872529c1071857a086e5ccef"
  integrity sha512-H5ZhCF25riFd9uB5UCkVKo61m3S/xZk1x4wA6yp/L3RFP6Z/eHH1ymQcGLo7J3GMPfm0V/7m1tryHuGVxpqEBQ==

lru-cache@^9.1.2:
  version "9.1.2"
  resolved "https://registry.yarnpkg.com/lru-cache/-/lru-cache-9.1.2.tgz#255fdbc14b75589d6d0e73644ca167a8db506835"
  integrity sha512-ERJq3FOzJTxBbFjZ7iDs+NiK4VI9Wz+RdrrAB8dio1oV+YvdPzUEE4QNiT2VD51DkIbCYRUUzCRkssXCHqSnKQ==
